
Microsoft Visual Studio Solution File, Format Version 12.00
# Visual Studio Version 17
VisualStudioVersion = 17.3.32901.215
MinimumVisualStudioVersion = 10.0.40219.1
Project("{FAE04EC0-301F-11D3-BF4B-00C04F79EFBC}") = "Proje04_TipDönüştürme", "Proje04_TipDönüştürme.csproj", "{92AEA07B-6A8B-4237-8C5F-3D8A2B12B0F1}"
EndProject
Global
	GlobalSection(SolutionConfigurationPlatforms) = preSolution
		Debug|Any CPU = Debug|Any CPU
		Release|Any CPU = Release|Any CPU
	EndGlobalSection
	GlobalSection(ProjectConfigurationPlatforms) = postSolution
		{92AEA07B-6A8B-4237-8C5F-3D8A2B12B0F1}.Debug|Any CPU.ActiveCfg = Debug|Any CPU
		{92AEA07B-6A8B-4237-8C5F-3D8A2B12B0F1}.Debug|Any CPU.Build.0 = Debug|Any CPU
		{92AEA07B-6A8B-4237-8C5F-3D8A2B12B0F1}.Release|Any CPU.ActiveCfg = Release|Any CPU
		{92AEA07B-6A8B-4237-8C5F-3D8A2B12B0F1}.Release|Any CPU.Build.0 = Release|Any CPU
	EndGlobalSection
	GlobalSection(SolutionProperties) = preSolution
		HideSolutionNode = FALSE
	EndGlobalSection
	GlobalSection(ExtensibilityGlobals) = postSolution
		SolutionGuid = {BEEA0C5C-5923-4B87-8FAA-12BDC19FC74D}
	EndGlobalSection
EndGlobal
