
Microsoft Visual Studio Solution File, Format Version 12.00
# Visual Studio Version 17
VisualStudioVersion = 17.3.32901.215
MinimumVisualStudioVersion = 10.0.40219.1
Project("{FAE04EC0-301F-11D3-BF4B-00C04F79EFBC}") = "Proje10_Collections_ArrayList", "Proje10_Collections_ArrayList.csproj", "{865BDD57-C65E-449F-BFA9-5D1EC11A97D3}"
EndProject
Global
	GlobalSection(SolutionConfigurationPlatforms) = preSolution
		Debug|Any CPU = Debug|Any CPU
		Release|Any CPU = Release|Any CPU
	EndGlobalSection
	GlobalSection(ProjectConfigurationPlatforms) = postSolution
		{865BDD57-C65E-449F-BFA9-5D1EC11A97D3}.Debug|Any CPU.ActiveCfg = Debug|Any CPU
		{865BDD57-C65E-449F-BFA9-5D1EC11A97D3}.Debug|Any CPU.Build.0 = Debug|Any CPU
		{865BDD57-C65E-449F-BFA9-5D1EC11A97D3}.Release|Any CPU.ActiveCfg = Release|Any CPU
		{865BDD57-C65E-449F-BFA9-5D1EC11A97D3}.Release|Any CPU.Build.0 = Release|Any CPU
	EndGlobalSection
	GlobalSection(SolutionProperties) = preSolution
		HideSolutionNode = FALSE
	EndGlobalSection
	GlobalSection(ExtensibilityGlobals) = postSolution
		SolutionGuid = {FA61BC2F-2A9C-41AC-B834-769468374A36}
	EndGlobalSection
EndGlobal
