
Microsoft Visual Studio Solution File, Format Version 12.00
# Visual Studio Version 17
VisualStudioVersion = 17.3.32901.215
MinimumVisualStudioVersion = 10.0.40219.1
Project("{FAE04EC0-301F-11D3-BF4B-00C04F79EFBC}") = "Proje15_Class_Property_Field", "Proje15_Class_Property_Field.csproj", "{AE003C66-5FB6-470A-8BE0-AD05BBDB8495}"
EndProject
Global
	GlobalSection(SolutionConfigurationPlatforms) = preSolution
		Debug|Any CPU = Debug|Any CPU
		Release|Any CPU = Release|Any CPU
	EndGlobalSection
	GlobalSection(ProjectConfigurationPlatforms) = postSolution
		{AE003C66-5FB6-470A-8BE0-AD05BBDB8495}.Debug|Any CPU.ActiveCfg = Debug|Any CPU
		{AE003C66-5FB6-470A-8BE0-AD05BBDB8495}.Debug|Any CPU.Build.0 = Debug|Any CPU
		{AE003C66-5FB6-470A-8BE0-AD05BBDB8495}.Release|Any CPU.ActiveCfg = Release|Any CPU
		{AE003C66-5FB6-470A-8BE0-AD05BBDB8495}.Release|Any CPU.Build.0 = Release|Any CPU
	EndGlobalSection
	GlobalSection(SolutionProperties) = preSolution
		HideSolutionNode = FALSE
	EndGlobalSection
	GlobalSection(ExtensibilityGlobals) = postSolution
		SolutionGuid = {30F9AA74-CE51-4503-BCFA-F145138265AA}
	EndGlobalSection
EndGlobal
