
Microsoft Visual Studio Solution File, Format Version 12.00
# Visual Studio Version 17
VisualStudioVersion = 17.4.33110.190
MinimumVisualStudioVersion = 10.0.40219.1
Project("{FAE04EC0-301F-11D3-BF4B-00C04F79EFBC}") = "ShoppingAppClient", "ShoppingAppClient.csproj", "{F39BFDCC-B06A-45A5-8A60-FE8E273F6FB6}"
EndProject
Global
	GlobalSection(SolutionConfigurationPlatforms) = preSolution
		Debug|Any CPU = Debug|Any CPU
		Release|Any CPU = Release|Any CPU
	EndGlobalSection
	GlobalSection(ProjectConfigurationPlatforms) = postSolution
		{F39BFDCC-B06A-45A5-8A60-FE8E273F6FB6}.Debug|Any CPU.ActiveCfg = Debug|Any CPU
		{F39BFDCC-B06A-45A5-8A60-FE8E273F6FB6}.Debug|Any CPU.Build.0 = Debug|Any CPU
		{F39BFDCC-B06A-45A5-8A60-FE8E273F6FB6}.Release|Any CPU.ActiveCfg = Release|Any CPU
		{F39BFDCC-B06A-45A5-8A60-FE8E273F6FB6}.Release|Any CPU.Build.0 = Release|Any CPU
	EndGlobalSection
	GlobalSection(SolutionProperties) = preSolution
		HideSolutionNode = FALSE
	EndGlobalSection
	GlobalSection(ExtensibilityGlobals) = postSolution
		SolutionGuid = {F325A90D-5794-424F-8AB5-F04D96CC37F9}
	EndGlobalSection
EndGlobal
