
Microsoft Visual Studio Solution File, Format Version 12.00
# Visual Studio Version 17
VisualStudioVersion = 17.0.31903.59
MinimumVisualStudioVersion = 10.0.40219.1
Project("{9A19103F-16F7-4668-BE54-9A1E7A4F7556}") = "EducationApp.Business", "EducationApp.Business\EducationApp.Business.csproj", "{20179711-B155-4898-BAD9-E5DACD928870}"
EndProject
Project("{9A19103F-16F7-4668-BE54-9A1E7A4F7556}") = "EducationApp.Data", "EducationApp.Data\EducationApp.Data.csproj", "{EA437401-E371-4F49-A330-9C71CF6F8AB8}"
EndProject
Project("{9A19103F-16F7-4668-BE54-9A1E7A4F7556}") = "EducationApp.Entity", "EducationApp.Entity\EducationApp.Entity.csproj", "{F8B7ABB0-8CB6-4A28-9F56-269F9AEFBD1A}"
EndProject
Project("{9A19103F-16F7-4668-BE54-9A1E7A4F7556}") = "EducationApp.Web", "EducationApp.Web\EducationApp.Web.csproj", "{405EB0D9-DA16-4725-953D-C74124EC7464}"
EndProject
Global
	GlobalSection(SolutionConfigurationPlatforms) = preSolution
		Debug|Any CPU = Debug|Any CPU
		Release|Any CPU = Release|Any CPU
	EndGlobalSection
	GlobalSection(ProjectConfigurationPlatforms) = postSolution
		{20179711-B155-4898-BAD9-E5DACD928870}.Debug|Any CPU.ActiveCfg = Debug|Any CPU
		{20179711-B155-4898-BAD9-E5DACD928870}.Debug|Any CPU.Build.0 = Debug|Any CPU
		{20179711-B155-4898-BAD9-E5DACD928870}.Release|Any CPU.ActiveCfg = Release|Any CPU
		{20179711-B155-4898-BAD9-E5DACD928870}.Release|Any CPU.Build.0 = Release|Any CPU
		{EA437401-E371-4F49-A330-9C71CF6F8AB8}.Debug|Any CPU.ActiveCfg = Debug|Any CPU
		{EA437401-E371-4F49-A330-9C71CF6F8AB8}.Debug|Any CPU.Build.0 = Debug|Any CPU
		{EA437401-E371-4F49-A330-9C71CF6F8AB8}.Release|Any CPU.ActiveCfg = Release|Any CPU
		{EA437401-E371-4F49-A330-9C71CF6F8AB8}.Release|Any CPU.Build.0 = Release|Any CPU
		{F8B7ABB0-8CB6-4A28-9F56-269F9AEFBD1A}.Debug|Any CPU.ActiveCfg = Debug|Any CPU
		{F8B7ABB0-8CB6-4A28-9F56-269F9AEFBD1A}.Debug|Any CPU.Build.0 = Debug|Any CPU
		{F8B7ABB0-8CB6-4A28-9F56-269F9AEFBD1A}.Release|Any CPU.ActiveCfg = Release|Any CPU
		{F8B7ABB0-8CB6-4A28-9F56-269F9AEFBD1A}.Release|Any CPU.Build.0 = Release|Any CPU
		{405EB0D9-DA16-4725-953D-C74124EC7464}.Debug|Any CPU.ActiveCfg = Debug|Any CPU
		{405EB0D9-DA16-4725-953D-C74124EC7464}.Debug|Any CPU.Build.0 = Debug|Any CPU
		{405EB0D9-DA16-4725-953D-C74124EC7464}.Release|Any CPU.ActiveCfg = Release|Any CPU
		{405EB0D9-DA16-4725-953D-C74124EC7464}.Release|Any CPU.Build.0 = Release|Any CPU
	EndGlobalSection
	GlobalSection(SolutionProperties) = preSolution
		HideSolutionNode = FALSE
	EndGlobalSection
	GlobalSection(ExtensibilityGlobals) = postSolution
		SolutionGuid = {82A4150E-7634-4142-B487-19B64EBA151F}
	EndGlobalSection
EndGlobal
