
Microsoft Visual Studio Solution File, Format Version 12.00
# Visual Studio Version 17
VisualStudioVersion = 17.4.33110.190
MinimumVisualStudioVersion = 10.0.40219.1
Project("{FAE04EC0-301F-11D3-BF4B-00C04F79EFBC}") = "Solid01_SingleResponsibility", "Solid01_SingleResponsibility.csproj", "{DE0A290E-5468-492D-9D19-2EEEDEB6870E}"
EndProject
Global
	GlobalSection(SolutionConfigurationPlatforms) = preSolution
		Debug|Any CPU = Debug|Any CPU
		Release|Any CPU = Release|Any CPU
	EndGlobalSection
	GlobalSection(ProjectConfigurationPlatforms) = postSolution
		{DE0A290E-5468-492D-9D19-2EEEDEB6870E}.Debug|Any CPU.ActiveCfg = Debug|Any CPU
		{DE0A290E-5468-492D-9D19-2EEEDEB6870E}.Debug|Any CPU.Build.0 = Debug|Any CPU
		{DE0A290E-5468-492D-9D19-2EEEDEB6870E}.Release|Any CPU.ActiveCfg = Release|Any CPU
		{DE0A290E-5468-492D-9D19-2EEEDEB6870E}.Release|Any CPU.Build.0 = Release|Any CPU
	EndGlobalSection
	GlobalSection(SolutionProperties) = preSolution
		HideSolutionNode = FALSE
	EndGlobalSection
	GlobalSection(ExtensibilityGlobals) = postSolution
		SolutionGuid = {B26D16D8-BB4E-4D3E-9D9A-038BA18B538C}
	EndGlobalSection
EndGlobal
