
Microsoft Visual Studio Solution File, Format Version 12.00
# Visual Studio Version 17
VisualStudioVersion = 17.3.32901.215
MinimumVisualStudioVersion = 10.0.40219.1
Project("{FAE04EC0-301F-11D3-BF4B-00C04F79EFBC}") = "Proje02_Methods", "Proje02_Methods.csproj", "{D3417172-BADC-4C54-A066-97CBC09387A0}"
EndProject
Global
	GlobalSection(SolutionConfigurationPlatforms) = preSolution
		Debug|Any CPU = Debug|Any CPU
		Release|Any CPU = Release|Any CPU
	EndGlobalSection
	GlobalSection(ProjectConfigurationPlatforms) = postSolution
		{D3417172-BADC-4C54-A066-97CBC09387A0}.Debug|Any CPU.ActiveCfg = Debug|Any CPU
		{D3417172-BADC-4C54-A066-97CBC09387A0}.Debug|Any CPU.Build.0 = Debug|Any CPU
		{D3417172-BADC-4C54-A066-97CBC09387A0}.Release|Any CPU.ActiveCfg = Release|Any CPU
		{D3417172-BADC-4C54-A066-97CBC09387A0}.Release|Any CPU.Build.0 = Release|Any CPU
	EndGlobalSection
	GlobalSection(SolutionProperties) = preSolution
		HideSolutionNode = FALSE
	EndGlobalSection
	GlobalSection(ExtensibilityGlobals) = postSolution
		SolutionGuid = {6917E7C1-E715-4E78-82C2-B69DDCAE33D8}
	EndGlobalSection
EndGlobal
