
Microsoft Visual Studio Solution File, Format Version 12.00
# Visual Studio Version 17
VisualStudioVersion = 17.4.33110.190
MinimumVisualStudioVersion = 10.0.40219.1
Project("{FAE04EC0-301F-11D3-BF4B-00C04F79EFBC}") = "Solid02_SingleResponsibility", "Solid02_SingleResponsibility.csproj", "{0CDACDB7-F583-4C41-B782-86BDA0DE8128}"
EndProject
Global
	GlobalSection(SolutionConfigurationPlatforms) = preSolution
		Debug|Any CPU = Debug|Any CPU
		Release|Any CPU = Release|Any CPU
	EndGlobalSection
	GlobalSection(ProjectConfigurationPlatforms) = postSolution
		{0CDACDB7-F583-4C41-B782-86BDA0DE8128}.Debug|Any CPU.ActiveCfg = Debug|Any CPU
		{0CDACDB7-F583-4C41-B782-86BDA0DE8128}.Debug|Any CPU.Build.0 = Debug|Any CPU
		{0CDACDB7-F583-4C41-B782-86BDA0DE8128}.Release|Any CPU.ActiveCfg = Release|Any CPU
		{0CDACDB7-F583-4C41-B782-86BDA0DE8128}.Release|Any CPU.Build.0 = Release|Any CPU
	EndGlobalSection
	GlobalSection(SolutionProperties) = preSolution
		HideSolutionNode = FALSE
	EndGlobalSection
	GlobalSection(ExtensibilityGlobals) = postSolution
		SolutionGuid = {B4B980BB-7BD8-42AA-B9D3-0DC515B68F82}
	EndGlobalSection
EndGlobal
